
Microsoft Visual Studio Solution File, Format Version 12.00
# Visual Studio Version 17
VisualStudioVersion = 17.3.32901.215
MinimumVisualStudioVersion = 10.0.40219.1
Project("{FAE04EC0-301F-11D3-BF4B-00C04F79EFBC}") = "CoreMVC_otoGaleri", "CoreMVC_otoGaleri\CoreMVC_otoGaleri.csproj", "{D81B288D-3147-4D97-8B3A-310574997AAE}"
EndProject
Global
	GlobalSection(SolutionConfigurationPlatforms) = preSolution
		Debug|Any CPU = Debug|Any CPU
		Release|Any CPU = Release|Any CPU
	EndGlobalSection
	GlobalSection(ProjectConfigurationPlatforms) = postSolution
		{D81B288D-3147-4D97-8B3A-310574997AAE}.Debug|Any CPU.ActiveCfg = Debug|Any CPU
		{D81B288D-3147-4D97-8B3A-310574997AAE}.Debug|Any CPU.Build.0 = Debug|Any CPU
		{D81B288D-3147-4D97-8B3A-310574997AAE}.Release|Any CPU.ActiveCfg = Release|Any CPU
		{D81B288D-3147-4D97-8B3A-310574997AAE}.Release|Any CPU.Build.0 = Release|Any CPU
	EndGlobalSection
	GlobalSection(SolutionProperties) = preSolution
		HideSolutionNode = FALSE
	EndGlobalSection
	GlobalSection(ExtensibilityGlobals) = postSolution
		SolutionGuid = {FCD23D64-0AD2-4CC5-9422-5B427FE16092}
	EndGlobalSection
EndGlobal
